# THIS IS AN AUTOGENERATED FILE. DO NOT EDIT THIS FILE DIRECTLY.
# yarn lockfile v1


eu-vat-calc@3.0.0-alpha.5:
  version "3.0.0-alpha.5"
  resolved "https://registry.yarnpkg.com/eu-vat-calc/-/eu-vat-calc-3.0.0-alpha.5.tgz#0355e5be13a45588d63dd6a1e09cd15a53bd78d4"
  integrity sha512-9yF3lg9yFrC2hfKDgw26Gd3Wi+eo58zQpjt+EBMxEEnbxtazn+xfjJQ5gs6mbbh8RgArxTdJirZ8eUgw3mgquw==
