# THIS IS AN AUTOGENERATED FILE. DO NOT EDIT THIS FILE DIRECTLY.
# yarn lockfile v1


eu-vat-calc@3.0.0:
  version "3.0.0"
  resolved "https://registry.yarnpkg.com/eu-vat-calc/-/eu-vat-calc-3.0.0.tgz#0568d5e4348fe15962d1501d5f63a79d3f71487a"
  integrity sha512-tvPrIIMGAK9uGVBTdR7MtfyTPnGaVrRGZQzhNqPI6xcdh0D8UNLZvQAtr6BegySeqw90FwoGTNKegx68gQXA2g==
