# THIS IS AN AUTOGENERATED FILE. DO NOT EDIT THIS FILE DIRECTLY.
# yarn lockfile v1


eu-vat-calc@3.0.0-alpha.3:
  version "3.0.0-alpha.3"
  resolved "https://registry.yarnpkg.com/eu-vat-calc/-/eu-vat-calc-3.0.0-alpha.3.tgz#77aca2f7fb889dfb26a62b2e007537810024496d"
  integrity sha512-UjdqYvKQQPcGEUylZuHycqshJKYA5uNbefinR89JXeo326ckW+Sc/q3YxppWWrs0B8RvyAWa76qWF77PHR7Bxg==
